
Microsoft Visual Studio Solution File, Format Version 12.00
# Visual Studio Version 17
VisualStudioVersion = 17.0.31903.59
MinimumVisualStudioVersion = 10.0.40219.1
Project("{FAE04EC0-301F-11D3-BF4B-00C04F79EFBC}") = "RevitAPITR3.3", "RevitAPITR3.3\RevitAPITR3.3.csproj", "{DD837002-3B31-4DCD-A38F-4A98312028F7}"
EndProject
Global
	GlobalSection(SolutionConfigurationPlatforms) = preSolution
		Debug|Any CPU = Debug|Any CPU
		Release|Any CPU = Release|Any CPU
	EndGlobalSection
	GlobalSection(ProjectConfigurationPlatforms) = postSolution
		{DD837002-3B31-4DCD-A38F-4A98312028F7}.Debug|Any CPU.ActiveCfg = Debug|Any CPU
		{DD837002-3B31-4DCD-A38F-4A98312028F7}.Debug|Any CPU.Build.0 = Debug|Any CPU
		{DD837002-3B31-4DCD-A38F-4A98312028F7}.Release|Any CPU.ActiveCfg = Release|Any CPU
		{DD837002-3B31-4DCD-A38F-4A98312028F7}.Release|Any CPU.Build.0 = Release|Any CPU
	EndGlobalSection
	GlobalSection(SolutionProperties) = preSolution
		HideSolutionNode = FALSE
	EndGlobalSection
	GlobalSection(ExtensibilityGlobals) = postSolution
		SolutionGuid = {16025FE0-FD6C-41A6-8D3A-14F32784EF4E}
	EndGlobalSection
EndGlobal
